{
  "nodes": {
    "fenix": {
      "inputs": {
        "nixpkgs": [
          "nixpkgs"
        ],
        "rust-analyzer-src": "rust-analyzer-src"
      },
      "locked": {
        "lastModified": 1739342042,
        "narHash": "sha256-oi6joJyRviczLJeN8TEI1XVKVb+E/UCnMTtdIn/6fhg=",
        "owner": "nix-community",
        "repo": "fenix",
        "rev": "2d0149540591393c61dfd29f6883ba712d24e04f",
        "type": "github"
      },
      "original": {
        "owner": "nix-community",
        "repo": "fenix",
        "type": "github"
      }
    },
    "flake-parts": {
      "inputs": {
        "nixpkgs-lib": "nixpkgs-lib"
      },
      "locked": {
        "lastModified": 1738453229,
        "narHash": "sha256-7H9XgNiGLKN1G1CgRh0vUL4AheZSYzPm+zmZ7vxbJdo=",
        "owner": "hercules-ci",
        "repo": "flake-parts",
        "rev": "32ea77a06711b758da0ad9bd6a844c5740a87abd",
        "type": "github"
      },
      "original": {
        "owner": "hercules-ci",
        "repo": "flake-parts",
        "type": "github"
      }
    },
    "nixpkgs": {
      "locked": {
        "lastModified": 1739393571,
        "narHash": "sha256-X6fcNTCWqiUD6fIuPGC3YpGTyyd6b+IMAS2XbnR0Q+4=",
        "owner": "NixOS",
        "repo": "nixpkgs",
        "rev": "fd527aacc0ad97ebc5bf3886a3459e9ab3f412f2",
        "type": "github"
      },
      "original": {
        "owner": "NixOS",
        "repo": "nixpkgs",
        "type": "github"
      }
    },
    "nixpkgs-lib": {
      "locked": {
        "lastModified": 1738452942,
        "narHash": "sha256-vJzFZGaCpnmo7I6i416HaBLpC+hvcURh/BQwROcGIp8=",
        "type": "tarball",
        "url": "https://github.com/NixOS/nixpkgs/archive/072a6db25e947df2f31aab9eccd0ab75d5b2da11.tar.gz"
      },
      "original": {
        "type": "tarball",
        "url": "https://github.com/NixOS/nixpkgs/archive/072a6db25e947df2f31aab9eccd0ab75d5b2da11.tar.gz"
      }
    },
    "root": {
      "inputs": {
        "fenix": "fenix",
        "flake-parts": "flake-parts",
        "nixpkgs": "nixpkgs",
        "rust-overlay": "rust-overlay"
      }
    },
    "rust-analyzer-src": {
      "flake": false,
      "locked": {
        "lastModified": 1739305728,
        "narHash": "sha256-ZYZ6xYhvWcVvbIazMFEUPPkJFkjIa0tmdUFlbuZfcOM=",
        "owner": "rust-lang",
        "repo": "rust-analyzer",
        "rev": "f63e4761a9f73ddfc04a3e198f77e5e8825d0136",
        "type": "github"
      },
      "original": {
        "owner": "rust-lang",
        "ref": "nightly",
        "repo": "rust-analyzer",
        "type": "github"
      }
    },
    "rust-overlay": {
      "inputs": {
        "nixpkgs": [
          "nixpkgs"
        ]
      },
      "locked": {
        "lastModified": 1739327257,
        "narHash": "sha256-rlGK8wxz/e50Z+PQRzuP+m03IrGkhcPGmgkBnkEZ9C8=",
        "owner": "oxalica",
        "repo": "rust-overlay",
        "rev": "e01f2c035b7b8a428c119b183f4cbc55f2eef07c",
        "type": "github"
      },
      "original": {
        "owner": "oxalica",
        "repo": "rust-overlay",
        "type": "github"
      }
    }
  },
  "root": "root",
  "version": 7
}
