
Microsoft Visual Studio Solution File, Format Version 12.00
# Visual Studio Version 17
VisualStudioVersion = 17.2.32630.192
MinimumVisualStudioVersion = 10.0.40219.1
Project("{9A19103F-16F7-4668-BE54-9A1E7A4F7556}") = "UniTASPlugin", "UniTASPlugin.csproj", "{BF67D033-ECD3-485C-817B-6C289D9AFA9F}"
EndProject
Global
	GlobalSection(SolutionConfigurationPlatforms) = preSolution
		Debug|Any CPU = Debug|Any CPU
		Release|Any CPU = Release|Any CPU
	EndGlobalSection
	GlobalSection(ProjectConfigurationPlatforms) = postSolution
		{BF67D033-ECD3-485C-817B-6C289D9AFA9F}.Debug|Any CPU.ActiveCfg = Debug|Any CPU
		{BF67D033-ECD3-485C-817B-6C289D9AFA9F}.Debug|Any CPU.Build.0 = Debug|Any CPU
		{BF67D033-ECD3-485C-817B-6C289D9AFA9F}.Release|Any CPU.ActiveCfg = Release|Any CPU
		{BF67D033-ECD3-485C-817B-6C289D9AFA9F}.Release|Any CPU.Build.0 = Release|Any CPU
	EndGlobalSection
	GlobalSection(SolutionProperties) = preSolution
		HideSolutionNode = FALSE
	EndGlobalSection
	GlobalSection(ExtensibilityGlobals) = postSolution
		SolutionGuid = {24108394-AF07-434D-9DF0-0D0C28507DC0}
	EndGlobalSection
EndGlobal
