
Microsoft Visual Studio Solution File, Format Version 12.00
# Visual Studio Version 17
VisualStudioVersion = 17.2.32630.192
MinimumVisualStudioVersion = 10.0.40219.1
Project("{D954291E-2A0B-460D-934E-DC6B0785DB48}") = "Core", "Core\Core.shproj", "{DD75453E-0CA1-457C-9AC2-A6CF4939816D}"
EndProject
Project("{9A19103F-16F7-4668-BE54-9A1E7A4F7556}") = "2021.2.14", "Versions\2021.2.14\2021.2.14.csproj", "{AF77E206-442B-4F18-BA1E-E8ABB83744AD}"
EndProject
Global
	GlobalSection(SolutionConfigurationPlatforms) = preSolution
		Debug|Any CPU = Debug|Any CPU
		Release|Any CPU = Release|Any CPU
	EndGlobalSection
	GlobalSection(ProjectConfigurationPlatforms) = postSolution
		{AF77E206-442B-4F18-BA1E-E8ABB83744AD}.Debug|Any CPU.ActiveCfg = Debug|Any CPU
		{AF77E206-442B-4F18-BA1E-E8ABB83744AD}.Debug|Any CPU.Build.0 = Debug|Any CPU
		{AF77E206-442B-4F18-BA1E-E8ABB83744AD}.Release|Any CPU.ActiveCfg = Release|Any CPU
		{AF77E206-442B-4F18-BA1E-E8ABB83744AD}.Release|Any CPU.Build.0 = Release|Any CPU
	EndGlobalSection
	GlobalSection(SolutionProperties) = preSolution
		HideSolutionNode = FALSE
	EndGlobalSection
	GlobalSection(ExtensibilityGlobals) = postSolution
		SolutionGuid = {1DDE07E4-0EE5-4183-9BD0-177ED23651EF}
	EndGlobalSection
	GlobalSection(SharedMSBuildProjectFiles) = preSolution
		Core\Core.projitems*{af77e206-442b-4f18-ba1e-e8abb83744ad}*SharedItemsImports = 5
		Core\Core.projitems*{dd75453e-0ca1-457c-9ac2-a6cf4939816d}*SharedItemsImports = 13
	EndGlobalSection
EndGlobal
